
Microsoft Visual Studio Solution File, Format Version 12.00
# Visual Studio Version 17
VisualStudioVersion = 17.7.34031.279
MinimumVisualStudioVersion = 10.0.40219.1
Project("{FAE04EC0-301F-11D3-BF4B-00C04F79EFBC}") = "LAB_3", "LAB_3\LAB_3.csproj", "{30193568-5797-4C21-9004-7789B2CBFBEF}"
EndProject
Global
	GlobalSection(SolutionConfigurationPlatforms) = preSolution
		Debug|Any CPU = Debug|Any CPU
		Release|Any CPU = Release|Any CPU
	EndGlobalSection
	GlobalSection(ProjectConfigurationPlatforms) = postSolution
		{30193568-5797-4C21-9004-7789B2CBFBEF}.Debug|Any CPU.ActiveCfg = Debug|Any CPU
		{30193568-5797-4C21-9004-7789B2CBFBEF}.Debug|Any CPU.Build.0 = Debug|Any CPU
		{30193568-5797-4C21-9004-7789B2CBFBEF}.Release|Any CPU.ActiveCfg = Release|Any CPU
		{30193568-5797-4C21-9004-7789B2CBFBEF}.Release|Any CPU.Build.0 = Release|Any CPU
	EndGlobalSection
	GlobalSection(SolutionProperties) = preSolution
		HideSolutionNode = FALSE
	EndGlobalSection
	GlobalSection(ExtensibilityGlobals) = postSolution
		SolutionGuid = {C2F7373E-D355-44F5-ACBE-95C469A64E4B}
	EndGlobalSection
EndGlobal
